
Microsoft Visual Studio Solution File, Format Version 12.00
# Visual Studio Version 16
VisualStudioVersion = 16.0.32002.261
MinimumVisualStudioVersion = 10.0.40219.1
Project("{FAE04EC0-301F-11D3-BF4B-00C04F79EFBC}") = "VisualKurs", "VisualKurs\VisualKurs.csproj", "{649E0027-75BB-45BA-BB81-CFE17F26F816}"
EndProject
Global
	GlobalSection(SolutionConfigurationPlatforms) = preSolution
		Debug|Any CPU = Debug|Any CPU
		Release|Any CPU = Release|Any CPU
	EndGlobalSection
	GlobalSection(ProjectConfigurationPlatforms) = postSolution
		{649E0027-75BB-45BA-BB81-CFE17F26F816}.Debug|Any CPU.ActiveCfg = Debug|Any CPU
		{649E0027-75BB-45BA-BB81-CFE17F26F816}.Debug|Any CPU.Build.0 = Debug|Any CPU
		{649E0027-75BB-45BA-BB81-CFE17F26F816}.Release|Any CPU.ActiveCfg = Release|Any CPU
		{649E0027-75BB-45BA-BB81-CFE17F26F816}.Release|Any CPU.Build.0 = Release|Any CPU
	EndGlobalSection
	GlobalSection(SolutionProperties) = preSolution
		HideSolutionNode = FALSE
	EndGlobalSection
	GlobalSection(ExtensibilityGlobals) = postSolution
		SolutionGuid = {72C03906-0F4B-49E1-8510-C67CAE0B6B8D}
	EndGlobalSection
EndGlobal
